
Microsoft Visual Studio Solution File, Format Version 12.00
# Visual Studio Version 17
VisualStudioVersion = 17.2.32526.322
MinimumVisualStudioVersion = 10.0.40219.1
Project("{FAE04EC0-301F-11D3-BF4B-00C04F79EFBC}") = "IP4ToGeolocation", "IP4ToGeolocation\IP4ToGeolocation.csproj", "{750B2AAA-FEE7-4C2F-AB2F-D495306F45EF}"
EndProject
Global
	GlobalSection(SolutionConfigurationPlatforms) = preSolution
		Debug|Any CPU = Debug|Any CPU
		Release|Any CPU = Release|Any CPU
	EndGlobalSection
	GlobalSection(ProjectConfigurationPlatforms) = postSolution
		{750B2AAA-FEE7-4C2F-AB2F-D495306F45EF}.Debug|Any CPU.ActiveCfg = Debug|Any CPU
		{750B2AAA-FEE7-4C2F-AB2F-D495306F45EF}.Debug|Any CPU.Build.0 = Debug|Any CPU
		{750B2AAA-FEE7-4C2F-AB2F-D495306F45EF}.Release|Any CPU.ActiveCfg = Release|Any CPU
		{750B2AAA-FEE7-4C2F-AB2F-D495306F45EF}.Release|Any CPU.Build.0 = Release|Any CPU
	EndGlobalSection
	GlobalSection(SolutionProperties) = preSolution
		HideSolutionNode = FALSE
	EndGlobalSection
	GlobalSection(ExtensibilityGlobals) = postSolution
		SolutionGuid = {4B7A846A-B692-49DC-BE45-0ED099E9BCF3}
	EndGlobalSection
EndGlobal
